// !$*UTF8*$!
{
	archiveVersion = 1;
	classes = {
	};
	objectVersion = 46;
	objects = {

/* Begin PBXBuildFile section */
		13DD0C4E1ACF8128001475E2 /* main.m in Sources */ = {isa = PBXBuildFile; fileRef = 13DD0C4D1ACF8128001475E2 /* main.m */; };
		13DD0C511ACF8128001475E2 /* AppDelegate.m in Sources */ = {isa = PBXBuildFile; fileRef = 13DD0C501ACF8128001475E2 /* AppDelegate.m */; };
		13DD0C541ACF8128001475E2 /* BodyMeasurementsViewController.m in Sources */ = {isa = PBXBuildFile; fileRef = 13DD0C531ACF8128001475E2 /* BodyMeasurementsViewController.m */; };
		13DD0C571ACF8128001475E2 /* Main.storyboard in Resources */ = {isa = PBXBuildFile; fileRef = 13DD0C551ACF8128001475E2 /* Main.storyboard */; };
		13DD0C591ACF8128001475E2 /* Images.xcassets in Resources */ = {isa = PBXBuildFile; fileRef = 13DD0C581ACF8128001475E2 /* Images.xcassets */; };
		13DD0C5C1ACF8128001475E2 /* LaunchScreen.xib in Resources */ = {isa = PBXBuildFile; fileRef = 13DD0C5A1ACF8128001475E2 /* LaunchScreen.xib */; };
		13DD0C681ACF8128001475E2 /* Nutrition_CalculatorTests.m in Sources */ = {isa = PBXBuildFile; fileRef = 13DD0C671ACF8128001475E2 /* Nutrition_CalculatorTests.m */; };
		13DD0C741AD5074B001475E2 /* FactorMeasurementsViewController.m in Sources */ = {isa = PBXBuildFile; fileRef = 13DD0C731AD5074B001475E2 /* FactorMeasurementsViewController.m */; };
/* End PBXBuildFile section */

/* Begin PBXContainerItemProxy section */
		13DD0C621ACF8128001475E2 /* PBXContainerItemProxy */ = {
			isa = PBXContainerItemProxy;
			containerPortal = 13DD0C401ACF8127001475E2 /* Project object */;
			proxyType = 1;
			remoteGlobalIDString = 13DD0C471ACF8127001475E2;
			remoteInfo = "Nutrition Calculator";
		};
/* End PBXContainerItemProxy section */

/* Begin PBXFileReference section */
		13DD0C481ACF8127001475E2 /* Nutrition Calculator.app */ = {isa = PBXFileReference; explicitFileType = wrapper.application; includeInIndex = 0; path = "Nutrition Calculator.app"; sourceTree = BUILT_PRODUCTS_DIR; };
		13DD0C4C1ACF8128001475E2 /* Info.plist */ = {isa = PBXFileReference; lastKnownFileType = text.plist.xml; path = Info.plist; sourceTree = "<group>"; };
		13DD0C4D1ACF8128001475E2 /* main.m */ = {isa = PBXFileReference; lastKnownFileType = sourcecode.c.objc; path = main.m; sourceTree = "<group>"; };
		13DD0C4F1ACF8128001475E2 /* AppDelegate.h */ = {isa = PBXFileReference; lastKnownFileType = sourcecode.c.h; path = AppDelegate.h; sourceTree = "<group>"; };
		13DD0C501ACF8128001475E2 /* AppDelegate.m */ = {isa = PBXFileReference; lastKnownFileType = sourcecode.c.objc; path = AppDelegate.m; sourceTree = "<group>"; };
		13DD0C521ACF8128001475E2 /* BodyMeasurementsViewController.h */ = {isa = PBXFileReference; lastKnownFileType = sourcecode.c.h; path = BodyMeasurementsViewController.h; sourceTree = "<group>"; };
		13DD0C531ACF8128001475E2 /* BodyMeasurementsViewController.m */ = {isa = PBXFileReference; lastKnownFileType = sourcecode.c.objc; path = BodyMeasurementsViewController.m; sourceTree = "<group>"; };
		13DD0C561ACF8128001475E2 /* Base */ = {isa = PBXFileReference; lastKnownFileType = file.storyboard; name = Base; path = Base.lproj/Main.storyboard; sourceTree = "<group>"; };
		13DD0C581ACF8128001475E2 /* Images.xcassets */ = {isa = PBXFileReference; lastKnownFileType = folder.assetcatalog; path = Images.xcassets; sourceTree = "<group>"; };
		13DD0C5B1ACF8128001475E2 /* Base */ = {isa = PBXFileReference; lastKnownFileType = file.xib; name = Base; path = Base.lproj/LaunchScreen.xib; sourceTree = "<group>"; };
		13DD0C611ACF8128001475E2 /* Nutrition CalculatorTests.xctest */ = {isa = PBXFileReference; explicitFileType = wrapper.cfbundle; includeInIndex = 0; path = "Nutrition CalculatorTests.xctest"; sourceTree = BUILT_PRODUCTS_DIR; };
		13DD0C661ACF8128001475E2 /* Info.plist */ = {isa = PBXFileReference; lastKnownFileType = text.plist.xml; path = Info.plist; sourceTree = "<group>"; };
		13DD0C671ACF8128001475E2 /* Nutrition_CalculatorTests.m */ = {isa = PBXFileReference; lastKnownFileType = sourcecode.c.objc; path = Nutrition_CalculatorTests.m; sourceTree = "<group>"; };
		13DD0C721AD5074B001475E2 /* FactorMeasurementsViewController.h */ = {isa = PBXFileReference; fileEncoding = 4; lastKnownFileType = sourcecode.c.h; path = FactorMeasurementsViewController.h; sourceTree = "<group>"; };
		13DD0C731AD5074B001475E2 /* FactorMeasurementsViewController.m */ = {isa = PBXFileReference; fileEncoding = 4; lastKnownFileType = sourcecode.c.objc; path = FactorMeasurementsViewController.m; sourceTree = "<group>"; };
/* End PBXFileReference section */

/* Begin PBXFrameworksBuildPhase section */
		13DD0C451ACF8127001475E2 /* Frameworks */ = {
			isa = PBXFrameworksBuildPhase;
			buildActionMask = 2147483647;
			files = (
			);
			runOnlyForDeploymentPostprocessing = 0;
		};
		13DD0C5E1ACF8128001475E2 /* Frameworks */ = {
			isa = PBXFrameworksBuildPhase;
			buildActionMask = 2147483647;
			files = (
			);
			runOnlyForDeploymentPostprocessing = 0;
		};
/* End PBXFrameworksBuildPhase section */

/* Begin PBXGroup section */
		13DD0C3F1ACF8127001475E2 = {
			isa = PBXGroup;
			children = (
				13DD0C4A1ACF8127001475E2 /* Nutrition Calculator */,
				13DD0C641ACF8128001475E2 /* Nutrition CalculatorTests */,
				13DD0C491ACF8127001475E2 /* Products */,
			);
			sourceTree = "<group>";
		};
		13DD0C491ACF8127001475E2 /* Products */ = {
			isa = PBXGroup;
			children = (
				13DD0C481ACF8127001475E2 /* Nutrition Calculator.app */,
				13DD0C611ACF8128001475E2 /* Nutrition CalculatorTests.xctest */,
			);
			name = Products;
			sourceTree = "<group>";
		};
		13DD0C4A1ACF8127001475E2 /* Nutrition Calculator */ = {
			isa = PBXGroup;
			children = (
				13DD0C4F1ACF8128001475E2 /* AppDelegate.h */,
				13DD0C501ACF8128001475E2 /* AppDelegate.m */,
				13DD0C721AD5074B001475E2 /* FactorMeasurementsViewController.h */,
				13DD0C731AD5074B001475E2 /* FactorMeasurementsViewController.m */,
				13DD0C521ACF8128001475E2 /* BodyMeasurementsViewController.h */,
				13DD0C531ACF8128001475E2 /* BodyMeasurementsViewController.m */,
				13DD0C551ACF8128001475E2 /* Main.storyboard */,
				13DD0C581ACF8128001475E2 /* Images.xcassets */,
				13DD0C5A1ACF8128001475E2 /* LaunchScreen.xib */,
				13DD0C4B1ACF8127001475E2 /* Supporting Files */,
			);
			path = "Nutrition Calculator";
			sourceTree = "<group>";
		};
		13DD0C4B1ACF8127001475E2 /* Supporting Files */ = {
			isa = PBXGroup;
			children = (
				13DD0C4C1ACF8128001475E2 /* Info.plist */,
				13DD0C4D1ACF8128001475E2 /* main.m */,
			);
			name = "Supporting Files";
			sourceTree = "<group>";
		};
		13DD0C641ACF8128001475E2 /* Nutrition CalculatorTests */ = {
			isa = PBXGroup;
			children = (
				13DD0C671ACF8128001475E2 /* Nutrition_CalculatorTests.m */,
				13DD0C651ACF8128001475E2 /* Supporting Files */,
			);
			path = "Nutrition CalculatorTests";
			sourceTree = "<group>";
		};
		13DD0C651ACF8128001475E2 /* Supporting Files */ = {
			isa = PBXGroup;
			children = (
				13DD0C661ACF8128001475E2 /* Info.plist */,
			);
			name = "Supporting Files";
			sourceTree = "<group>";
		};
/* End PBXGroup section */

/* Begin PBXNativeTarget section */
		13DD0C471ACF8127001475E2 /* Nutrition Calculator */ = {
			isa = PBXNativeTarget;
			buildConfigurationList = 13DD0C6B1ACF8128001475E2 /* Build configuration list for PBXNativeTarget "Nutrition Calculator" */;
			buildPhases = (
				13DD0C441ACF8127001475E2 /* Sources */,
				13DD0C451ACF8127001475E2 /* Frameworks */,
				13DD0C461ACF8127001475E2 /* Resources */,
			);
			buildRules = (
			);
			dependencies = (
			);
			name = "Nutrition Calculator";
			productName = "Nutrition Calculator";
			productReference = 13DD0C481ACF8127001475E2 /* Nutrition Calculator.app */;
			productType = "com.apple.product-type.application";
		};
		13DD0C601ACF8128001475E2 /* Nutrition CalculatorTests */ = {
			isa = PBXNativeTarget;
			buildConfigurationList = 13DD0C6E1ACF8128001475E2 /* Build configuration list for PBXNativeTarget "Nutrition CalculatorTests" */;
			buildPhases = (
				13DD0C5D1ACF8128001475E2 /* Sources */,
				13DD0C5E1ACF8128001475E2 /* Frameworks */,
				13DD0C5F1ACF8128001475E2 /* Resources */,
			);
			buildRules = (
			);
			dependencies = (
				13DD0C631ACF8128001475E2 /* PBXTargetDependency */,
			);
			name = "Nutrition CalculatorTests";
			productName = "Nutrition CalculatorTests";
			productReference = 13DD0C611ACF8128001475E2 /* Nutrition CalculatorTests.xctest */;
			productType = "com.apple.product-type.bundle.unit-test";
		};
/* End PBXNativeTarget section */

/* Begin PBXProject section */
		13DD0C401ACF8127001475E2 /* Project object */ = {
			isa = PBXProject;
			attributes = {
				LastUpgradeCheck = 0610;
				ORGANIZATIONNAME = Derp;
				TargetAttributes = {
					13DD0C471ACF8127001475E2 = {
						CreatedOnToolsVersion = 6.1.1;
					};
					13DD0C601ACF8128001475E2 = {
						CreatedOnToolsVersion = 6.1.1;
						TestTargetID = 13DD0C471ACF8127001475E2;
					};
				};
			};
			buildConfigurationList = 13DD0C431ACF8127001475E2 /* Build configuration list for PBXProject "Nutrition Calculator" */;
			compatibilityVersion = "Xcode 3.2";
			developmentRegion = English;
			hasScannedForEncodings = 0;
			knownRegions = (
				en,
				Base,
			);
			mainGroup = 13DD0C3F1ACF8127001475E2;
			productRefGroup = 13DD0C491ACF8127001475E2 /* Products */;
			projectDirPath = "";
			projectRoot = "";
			targets = (
				13DD0C471ACF8127001475E2 /* Nutrition Calculator */,
				13DD0C601ACF8128001475E2 /* Nutrition CalculatorTests */,
			);
		};
/* End PBXProject section */

/* Begin PBXResourcesBuildPhase section */
		13DD0C461ACF8127001475E2 /* Resources */ = {
			isa = PBXResourcesBuildPhase;
			buildActionMask = 2147483647;
			files = (
				13DD0C571ACF8128001475E2 /* Main.storyboard in Resources */,
				13DD0C5C1ACF8128001475E2 /* LaunchScreen.xib in Resources */,
				13DD0C591ACF8128001475E2 /* Images.xcassets in Resources */,
			);
			runOnlyForDeploymentPostprocessing = 0;
		};
		13DD0C5F1ACF8128001475E2 /* Resources */ = {
			isa = PBXResourcesBuildPhase;
			buildActionMask = 2147483647;
			files = (
			);
			runOnlyForDeploymentPostprocessing = 0;
		};
/* End PBXResourcesBuildPhase section */

/* Begin PBXSourcesBuildPhase section */
		13DD0C441ACF8127001475E2 /* Sources */ = {
			isa = PBXSourcesBuildPhase;
			buildActionMask = 2147483647;
			files = (
				13DD0C741AD5074B001475E2 /* FactorMeasurementsViewController.m in Sources */,
				13DD0C541ACF8128001475E2 /* BodyMeasurementsViewController.m in Sources */,
				13DD0C511ACF8128001475E2 /* AppDelegate.m in Sources */,
				13DD0C4E1ACF8128001475E2 /* main.m in Sources */,
			);
			runOnlyForDeploymentPostprocessing = 0;
		};
		13DD0C5D1ACF8128001475E2 /* Sources */ = {
			isa = PBXSourcesBuildPhase;
			buildActionMask = 2147483647;
			files = (
				13DD0C681ACF8128001475E2 /* Nutrition_CalculatorTests.m in Sources */,
			);
			runOnlyForDeploymentPostprocessing = 0;
		};
/* End PBXSourcesBuildPhase section */

/* Begin PBXTargetDependency section */
		13DD0C631ACF8128001475E2 /* PBXTargetDependency */ = {
			isa = PBXTargetDependency;
			target = 13DD0C471ACF8127001475E2 /* Nutrition Calculator */;
			targetProxy = 13DD0C621ACF8128001475E2 /* PBXContainerItemProxy */;
		};
/* End PBXTargetDependency section */

/* Begin PBXVariantGroup section */
		13DD0C551ACF8128001475E2 /* Main.storyboard */ = {
			isa = PBXVariantGroup;
			children = (
				13DD0C561ACF8128001475E2 /* Base */,
			);
			name = Main.storyboard;
			sourceTree = "<group>";
		};
		13DD0C5A1ACF8128001475E2 /* LaunchScreen.xib */ = {
			isa = PBXVariantGroup;
			children = (
				13DD0C5B1ACF8128001475E2 /* Base */,
			);
			name = LaunchScreen.xib;
			sourceTree = "<group>";
		};
/* End PBXVariantGroup section */

/* Begin XCBuildConfiguration section */
		13DD0C691ACF8128001475E2 /* Debug */ = {
			isa = XCBuildConfiguration;
			buildSettings = {
				ALWAYS_SEARCH_USER_PATHS = NO;
				CLANG_CXX_LANGUAGE_STANDARD = "gnu++0x";
				CLANG_CXX_LIBRARY = "libc++";
				CLANG_ENABLE_MODULES = YES;
				CLANG_ENABLE_OBJC_ARC = YES;
				CLANG_WARN_BOOL_CONVERSION = YES;
				CLANG_WARN_CONSTANT_CONVERSION = YES;
				CLANG_WARN_DIRECT_OBJC_ISA_USAGE = YES_ERROR;
				CLANG_WARN_EMPTY_BODY = YES;
				CLANG_WARN_ENUM_CONVERSION = YES;
				CLANG_WARN_INT_CONVERSION = YES;
				CLANG_WARN_OBJC_ROOT_CLASS = YES_ERROR;
				CLANG_WARN_UNREACHABLE_CODE = YES;
				CLANG_WARN__DUPLICATE_METHOD_MATCH = YES;
				"CODE_SIGN_IDENTITY[sdk=iphoneos*]" = "iPhone Developer";
				COPY_PHASE_STRIP = NO;
				ENABLE_STRICT_OBJC_MSGSEND = YES;
				GCC_C_LANGUAGE_STANDARD = gnu99;
				GCC_DYNAMIC_NO_PIC = NO;
				GCC_OPTIMIZATION_LEVEL = 0;
				GCC_PREPROCESSOR_DEFINITIONS = (
					"DEBUG=1",
					"$(inherited)",
				);
				GCC_SYMBOLS_PRIVATE_EXTERN = NO;
				GCC_WARN_64_TO_32_BIT_CONVERSION = YES;
				GCC_WARN_ABOUT_RETURN_TYPE = YES_ERROR;
				GCC_WARN_UNDECLARED_SELECTOR = YES;
				GCC_WARN_UNINITIALIZED_AUTOS = YES_AGGRESSIVE;
				GCC_WARN_UNUSED_FUNCTION = YES;
				GCC_WARN_UNUSED_VARIABLE = YES;
				IPHONEOS_DEPLOYMENT_TARGET = 8.1;
				MTL_ENABLE_DEBUG_INFO = YES;
				ONLY_ACTIVE_ARCH = YES;
				SDKROOT = iphoneos;
				TARGETED_DEVICE_FAMILY = 2;
			};
			name = Debug;
		};
		13DD0C6A1ACF8128001475E2 /* Release */ = {
			isa = XCBuildConfiguration;
			buildSettings = {
				ALWAYS_SEARCH_USER_PATHS = NO;
				CLANG_CXX_LANGUAGE_STANDARD = "gnu++0x";
				CLANG_CXX_LIBRARY = "libc++";
				CLANG_ENABLE_MODULES = YES;
				CLANG_ENABLE_OBJC_ARC = YES;
				CLANG_WARN_BOOL_CONVERSION = YES;
				CLANG_WARN_CONSTANT_CONVERSION = YES;
				CLANG_WARN_DIRECT_OBJC_ISA_USAGE = YES_ERROR;
				CLANG_WARN_EMPTY_BODY = YES;
				CLANG_WARN_ENUM_CONVERSION = YES;
				CLANG_WARN_INT_CONVERSION = YES;
				CLANG_WARN_OBJC_ROOT_CLASS = YES_ERROR;
				CLANG_WARN_UNREACHABLE_CODE = YES;
				CLANG_WARN__DUPLICATE_METHOD_MATCH = YES;
				"CODE_SIGN_IDENTITY[sdk=iphoneos*]" = "iPhone Developer";
				COPY_PHASE_STRIP = YES;
				ENABLE_NS_ASSERTIONS = NO;
				ENABLE_STRICT_OBJC_MSGSEND = YES;
				GCC_C_LANGUAGE_STANDARD = gnu99;
				GCC_WARN_64_TO_32_BIT_CONVERSION = YES;
				GCC_WARN_ABOUT_RETURN_TYPE = YES_ERROR;
				GCC_WARN_UNDECLARED_SELECTOR = YES;
				GCC_WARN_UNINITIALIZED_AUTOS = YES_AGGRESSIVE;
				GCC_WARN_UNUSED_FUNCTION = YES;
				GCC_WARN_UNUSED_VARIABLE = YES;
				IPHONEOS_DEPLOYMENT_TARGET = 8.1;
				MTL_ENABLE_DEBUG_INFO = NO;
				SDKROOT = iphoneos;
				TARGETED_DEVICE_FAMILY = 2;
				VALIDATE_PRODUCT = YES;
			};
			name = Release;
		};
		13DD0C6C1ACF8128001475E2 /* Debug */ = {
			isa = XCBuildConfiguration;
			buildSettings = {
				ASSETCATALOG_COMPILER_APPICON_NAME = AppIcon;
				INFOPLIST_FILE = "Nutrition Calculator/Info.plist";
				LD_RUNPATH_SEARCH_PATHS = "$(inherited) @executable_path/Frameworks";
				PRODUCT_NAME = "$(TARGET_NAME)";
			};
			name = Debug;
		};
		13DD0C6D1ACF8128001475E2 /* Release */ = {
			isa = XCBuildConfiguration;
			buildSettings = {
				ASSETCATALOG_COMPILER_APPICON_NAME = AppIcon;
				INFOPLIST_FILE = "Nutrition Calculator/Info.plist";
				LD_RUNPATH_SEARCH_PATHS = "$(inherited) @executable_path/Frameworks";
				PRODUCT_NAME = "$(TARGET_NAME)";
			};
			name = Release;
		};
		13DD0C6F1ACF8128001475E2 /* Debug */ = {
			isa = XCBuildConfiguration;
			buildSettings = {
				BUNDLE_LOADER = "$(TEST_HOST)";
				FRAMEWORK_SEARCH_PATHS = (
					"$(SDKROOT)/Developer/Library/Frameworks",
					"$(inherited)",
				);
				GCC_PREPROCESSOR_DEFINITIONS = (
					"DEBUG=1",
					"$(inherited)",
				);
				INFOPLIST_FILE = "Nutrition CalculatorTests/Info.plist";
				LD_RUNPATH_SEARCH_PATHS = "$(inherited) @executable_path/Frameworks @loader_path/Frameworks";
				PRODUCT_NAME = "$(TARGET_NAME)";
				TEST_HOST = "$(BUILT_PRODUCTS_DIR)/Nutrition Calculator.app/Nutrition Calculator";
			};
			name = Debug;
		};
		13DD0C701ACF8128001475E2 /* Release */ = {
			isa = XCBuildConfiguration;
			buildSettings = {
				BUNDLE_LOADER = "$(TEST_HOST)";
				FRAMEWORK_SEARCH_PATHS = (
					"$(SDKROOT)/Developer/Library/Frameworks",
					"$(inherited)",
				);
				INFOPLIST_FILE = "Nutrition CalculatorTests/Info.plist";
				LD_RUNPATH_SEARCH_PATHS = "$(inherited) @executable_path/Frameworks @loader_path/Frameworks";
				PRODUCT_NAME = "$(TARGET_NAME)";
				TEST_HOST = "$(BUILT_PRODUCTS_DIR)/Nutrition Calculator.app/Nutrition Calculator";
			};
			name = Release;
		};
/* End XCBuildConfiguration section */

/* Begin XCConfigurationList section */
		13DD0C431ACF8127001475E2 /* Build configuration list for PBXProject "Nutrition Calculator" */ = {
			isa = XCConfigurationList;
			buildConfigurations = (
				13DD0C691ACF8128001475E2 /* Debug */,
				13DD0C6A1ACF8128001475E2 /* Release */,
			);
			defaultConfigurationIsVisible = 0;
			defaultConfigurationName = Release;
		};
		13DD0C6B1ACF8128001475E2 /* Build configuration list for PBXNativeTarget "Nutrition Calculator" */ = {
			isa = XCConfigurationList;
			buildConfigurations = (
				13DD0C6C1ACF8128001475E2 /* Debug */,
				13DD0C6D1ACF8128001475E2 /* Release */,
			);
			defaultConfigurationIsVisible = 0;
		};
		13DD0C6E1ACF8128001475E2 /* Build configuration list for PBXNativeTarget "Nutrition CalculatorTests" */ = {
			isa = XCConfigurationList;
			buildConfigurations = (
				13DD0C6F1ACF8128001475E2 /* Debug */,
				13DD0C701ACF8128001475E2 /* Release */,
			);
			defaultConfigurationIsVisible = 0;
		};
/* End XCConfigurationList section */
	};
	rootObject = 13DD0C401ACF8127001475E2 /* Project object */;
}
